
Microsoft Visual Studio Solution File, Format Version 12.00
# Visual Studio Version 17
VisualStudioVersion = 17.11.35327.3
MinimumVisualStudioVersion = 10.0.40219.1
Project("{FAE04EC0-301F-11D3-BF4B-00C04F79EFBC}") = "Primeiro_Programa", "Primeiro_Programa\Primeiro_Programa.csproj", "{CF7BFD62-4FEC-4E81-B91A-15F994E199F2}"
EndProject
Project("{FAE04EC0-301F-11D3-BF4B-00C04F79EFBC}") = "Segundo_Programa", "Segundo_Programa\Segundo_Programa.csproj", "{9BFCC528-E4C2-462F-8757-12C0F626CDC8}"
EndProject
Project("{FAE04EC0-301F-11D3-BF4B-00C04F79EFBC}") = "Terceiro_programa", "Terceiro_programa\Terceiro_programa.csproj", "{8B010BF8-9C11-45D0-938E-2E584A9161B2}"
EndProject
Project("{FAE04EC0-301F-11D3-BF4B-00C04F79EFBC}") = "Quarto_programa", "Quarto_programa\Quarto_programa.csproj", "{B8226E03-D303-4ECC-9C3A-B7C662F6E8BF}"
EndProject
Project("{FAE04EC0-301F-11D3-BF4B-00C04F79EFBC}") = "Quinto_Programa", "Quinto_Programa\Quinto_Programa.csproj", "{598B9F6C-98F7-4620-B3D7-B1BB10EF9CE7}"
EndProject
Project("{FAE04EC0-301F-11D3-BF4B-00C04F79EFBC}") = "sexto_programa", "sexto_programa\sexto_programa.csproj", "{98BC97B6-E606-46BF-AE40-91A9868163A5}"
EndProject
Global
	GlobalSection(SolutionConfigurationPlatforms) = preSolution
		Debug|Any CPU = Debug|Any CPU
		Release|Any CPU = Release|Any CPU
	EndGlobalSection
	GlobalSection(ProjectConfigurationPlatforms) = postSolution
		{CF7BFD62-4FEC-4E81-B91A-15F994E199F2}.Debug|Any CPU.ActiveCfg = Debug|Any CPU
		{CF7BFD62-4FEC-4E81-B91A-15F994E199F2}.Debug|Any CPU.Build.0 = Debug|Any CPU
		{CF7BFD62-4FEC-4E81-B91A-15F994E199F2}.Release|Any CPU.ActiveCfg = Release|Any CPU
		{CF7BFD62-4FEC-4E81-B91A-15F994E199F2}.Release|Any CPU.Build.0 = Release|Any CPU
		{9BFCC528-E4C2-462F-8757-12C0F626CDC8}.Debug|Any CPU.ActiveCfg = Debug|Any CPU
		{9BFCC528-E4C2-462F-8757-12C0F626CDC8}.Debug|Any CPU.Build.0 = Debug|Any CPU
		{9BFCC528-E4C2-462F-8757-12C0F626CDC8}.Release|Any CPU.ActiveCfg = Release|Any CPU
		{9BFCC528-E4C2-462F-8757-12C0F626CDC8}.Release|Any CPU.Build.0 = Release|Any CPU
		{8B010BF8-9C11-45D0-938E-2E584A9161B2}.Debug|Any CPU.ActiveCfg = Debug|Any CPU
		{8B010BF8-9C11-45D0-938E-2E584A9161B2}.Debug|Any CPU.Build.0 = Debug|Any CPU
		{8B010BF8-9C11-45D0-938E-2E584A9161B2}.Release|Any CPU.ActiveCfg = Release|Any CPU
		{8B010BF8-9C11-45D0-938E-2E584A9161B2}.Release|Any CPU.Build.0 = Release|Any CPU
		{B8226E03-D303-4ECC-9C3A-B7C662F6E8BF}.Debug|Any CPU.ActiveCfg = Debug|Any CPU
		{B8226E03-D303-4ECC-9C3A-B7C662F6E8BF}.Debug|Any CPU.Build.0 = Debug|Any CPU
		{B8226E03-D303-4ECC-9C3A-B7C662F6E8BF}.Release|Any CPU.ActiveCfg = Release|Any CPU
		{B8226E03-D303-4ECC-9C3A-B7C662F6E8BF}.Release|Any CPU.Build.0 = Release|Any CPU
		{598B9F6C-98F7-4620-B3D7-B1BB10EF9CE7}.Debug|Any CPU.ActiveCfg = Debug|Any CPU
		{598B9F6C-98F7-4620-B3D7-B1BB10EF9CE7}.Debug|Any CPU.Build.0 = Debug|Any CPU
		{598B9F6C-98F7-4620-B3D7-B1BB10EF9CE7}.Release|Any CPU.ActiveCfg = Release|Any CPU
		{598B9F6C-98F7-4620-B3D7-B1BB10EF9CE7}.Release|Any CPU.Build.0 = Release|Any CPU
		{98BC97B6-E606-46BF-AE40-91A9868163A5}.Debug|Any CPU.ActiveCfg = Debug|Any CPU
		{98BC97B6-E606-46BF-AE40-91A9868163A5}.Debug|Any CPU.Build.0 = Debug|Any CPU
		{98BC97B6-E606-46BF-AE40-91A9868163A5}.Release|Any CPU.ActiveCfg = Release|Any CPU
		{98BC97B6-E606-46BF-AE40-91A9868163A5}.Release|Any CPU.Build.0 = Release|Any CPU
	EndGlobalSection
	GlobalSection(SolutionProperties) = preSolution
		HideSolutionNode = FALSE
	EndGlobalSection
	GlobalSection(ExtensibilityGlobals) = postSolution
		SolutionGuid = {9921F42A-B681-419E-95E6-1FC381CF31F4}
	EndGlobalSection
EndGlobal
